
Microsoft Visual Studio Solution File, Format Version 12.00
# Visual Studio Version 16
VisualStudioVersion = 16.0.30309.148
MinimumVisualStudioVersion = 10.0.40219.1
Project("{FAE04EC0-301F-11D3-BF4B-00C04F79EFBC}") = "VogCodeChallenge.API", "VogCodeChallenge.API\VogCodeChallenge.API.csproj", "{3C971682-65A2-460B-AB05-605ED8E29437}"
EndProject
Project("{E53339B2-1760-4266-BCC7-CA923CBCF16C}") = "docker-compose", "docker-compose.dcproj", "{C39B7B46-B0F1-4302-9E31-26C563DF79C7}"
EndProject
Global
	GlobalSection(SolutionConfigurationPlatforms) = preSolution
		Debug|Any CPU = Debug|Any CPU
		Release|Any CPU = Release|Any CPU
	EndGlobalSection
	GlobalSection(ProjectConfigurationPlatforms) = postSolution
		{3C971682-65A2-460B-AB05-605ED8E29437}.Debug|Any CPU.ActiveCfg = Debug|Any CPU
		{3C971682-65A2-460B-AB05-605ED8E29437}.Debug|Any CPU.Build.0 = Debug|Any CPU
		{3C971682-65A2-460B-AB05-605ED8E29437}.Release|Any CPU.ActiveCfg = Release|Any CPU
		{3C971682-65A2-460B-AB05-605ED8E29437}.Release|Any CPU.Build.0 = Release|Any CPU
		{C39B7B46-B0F1-4302-9E31-26C563DF79C7}.Debug|Any CPU.ActiveCfg = Debug|Any CPU
		{C39B7B46-B0F1-4302-9E31-26C563DF79C7}.Debug|Any CPU.Build.0 = Debug|Any CPU
		{C39B7B46-B0F1-4302-9E31-26C563DF79C7}.Release|Any CPU.ActiveCfg = Release|Any CPU
		{C39B7B46-B0F1-4302-9E31-26C563DF79C7}.Release|Any CPU.Build.0 = Release|Any CPU
	EndGlobalSection
	GlobalSection(SolutionProperties) = preSolution
		HideSolutionNode = FALSE
	EndGlobalSection
	GlobalSection(ExtensibilityGlobals) = postSolution
		SolutionGuid = {E7EBD9B0-FC6E-4D22-93C1-672BF1AF0B5D}
	EndGlobalSection
EndGlobal
